// !$*UTF8*$!
{
	archiveVersion = 1;
	classes = {
	};
	objectVersion = 50;
	objects = {

/* Begin PBXBuildFile section */
		483B6539265B3A730036297D /* HealthKitManager.swift in Sources */ = {isa = PBXBuildFile; fileRef = 483B6538265B3A730036297D /* HealthKitManager.swift */; };
		483B653B265B3AAD0036297D /* Extensions.swift in Sources */ = {isa = PBXBuildFile; fileRef = 483B653A265B3AAD0036297D /* Extensions.swift */; };
		483B6545265B3CB70036297D /* AIWorkout_Collector_Tests.swift in Sources */ = {isa = PBXBuildFile; fileRef = 483B6544265B3CB70036297D /* AIWorkout_Collector_Tests.swift */; };
		483B6553265B3CC50036297D /* AIWorkout_Collector_UITests.swift in Sources */ = {isa = PBXBuildFile; fileRef = 483B6552265B3CC50036297D /* AIWorkout_Collector_UITests.swift */; };
		483B655B265B3ECB0036297D /* NotificationView.swift in Sources */ = {isa = PBXBuildFile; fileRef = 483B655A265B3ECB0036297D /* NotificationView.swift */; };
		485A93CD265C1D0A00078E43 /* HealthKit.framework in Frameworks */ = {isa = PBXBuildFile; fileRef = 485A93CC265C1D0A00078E43 /* HealthKit.framework */; };
		487F85112648E0B300736B20 /* ServerManager.swift in Sources */ = {isa = PBXBuildFile; fileRef = 487F85102648E0B300736B20 /* ServerManager.swift */; };
		488C22D52636FD2400EB72F2 /* AIWorkout Collector WatchKit App.app in Embed Watch Content */ = {isa = PBXBuildFile; fileRef = 488C22D42636FD2400EB72F2 /* AIWorkout Collector WatchKit App.app */; settings = {ATTRIBUTES = (RemoveHeadersOnCopy, ); }; };
		488C22DA2636FD2700EB72F2 /* Assets.xcassets in Resources */ = {isa = PBXBuildFile; fileRef = 488C22D92636FD2700EB72F2 /* Assets.xcassets */; };
		488C22E12636FD2700EB72F2 /* AIWorkout Collector WatchKit Extension.appex in Embed App Extensions */ = {isa = PBXBuildFile; fileRef = 488C22E02636FD2700EB72F2 /* AIWorkout Collector WatchKit Extension.appex */; settings = {ATTRIBUTES = (RemoveHeadersOnCopy, ); }; };
		488C22E62636FD2700EB72F2 /* AIWorkout_Collector_App.swift in Sources */ = {isa = PBXBuildFile; fileRef = 488C22E52636FD2700EB72F2 /* AIWorkout_Collector_App.swift */; };
		488C22E82636FD2700EB72F2 /* ContentView.swift in Sources */ = {isa = PBXBuildFile; fileRef = 488C22E72636FD2700EB72F2 /* ContentView.swift */; };
		488C22EA2636FD2700EB72F2 /* NotificationController.swift in Sources */ = {isa = PBXBuildFile; fileRef = 488C22E92636FD2700EB72F2 /* NotificationController.swift */; };
		488C22EE2636FD2700EB72F2 /* ComplicationController.swift in Sources */ = {isa = PBXBuildFile; fileRef = 488C22ED2636FD2700EB72F2 /* ComplicationController.swift */; };
		488C22F02636FD2800EB72F2 /* Assets.xcassets in Resources */ = {isa = PBXBuildFile; fileRef = 488C22EF2636FD2800EB72F2 /* Assets.xcassets */; };
		488C22F32636FD2800EB72F2 /* Preview Assets.xcassets in Resources */ = {isa = PBXBuildFile; fileRef = 488C22F22636FD2800EB72F2 /* Preview Assets.xcassets */; };
		48BF84B2264655DE00CA7AB4 /* SessionView.swift in Sources */ = {isa = PBXBuildFile; fileRef = 48BF84B1264655DE00CA7AB4 /* SessionView.swift */; };
		48BF84B42646608E00CA7AB4 /* MotionManager.swift in Sources */ = {isa = PBXBuildFile; fileRef = 48BF84B32646608E00CA7AB4 /* MotionManager.swift */; };
		48BF84B62646F81400CA7AB4 /* ButtonViews.swift in Sources */ = {isa = PBXBuildFile; fileRef = 48BF84B52646F81400CA7AB4 /* ButtonViews.swift */; };
/* End PBXBuildFile section */

/* Begin PBXContainerItemProxy section */
		483B6547265B3CB70036297D /* PBXContainerItemProxy */ = {
			isa = PBXContainerItemProxy;
			containerPortal = 488C22CA2636FD2300EB72F2 /* Project object */;
			proxyType = 1;
			remoteGlobalIDString = 488C22DF2636FD2700EB72F2;
			remoteInfo = "AIWorkout Collector WatchKit Extension";
		};
		483B6555265B3CC50036297D /* PBXContainerItemProxy */ = {
			isa = PBXContainerItemProxy;
			containerPortal = 488C22CA2636FD2300EB72F2 /* Project object */;
			proxyType = 1;
			remoteGlobalIDString = 488C22D32636FD2400EB72F2;
			remoteInfo = "AIWorkout Collector WatchKit App";
		};
		488C22D62636FD2400EB72F2 /* PBXContainerItemProxy */ = {
			isa = PBXContainerItemProxy;
			containerPortal = 488C22CA2636FD2300EB72F2 /* Project object */;
			proxyType = 1;
			remoteGlobalIDString = 488C22D32636FD2400EB72F2;
			remoteInfo = "AIWorkout Collector Template WatchKit App";
		};
		488C22E22636FD2700EB72F2 /* PBXContainerItemProxy */ = {
			isa = PBXContainerItemProxy;
			containerPortal = 488C22CA2636FD2300EB72F2 /* Project object */;
			proxyType = 1;
			remoteGlobalIDString = 488C22DF2636FD2700EB72F2;
			remoteInfo = "AIWorkout Collector Template WatchKit Extension";
		};
/* End PBXContainerItemProxy section */

/* Begin PBXCopyFilesBuildPhase section */
		488C22FB2636FD2800EB72F2 /* Embed App Extensions */ = {
			isa = PBXCopyFilesBuildPhase;
			buildActionMask = 2147483647;
			dstPath = "";
			dstSubfolderSpec = 13;
			files = (
				488C22E12636FD2700EB72F2 /* AIWorkout Collector WatchKit Extension.appex in Embed App Extensions */,
			);
			name = "Embed App Extensions";
			runOnlyForDeploymentPostprocessing = 0;
		};
		488C22FF2636FD2800EB72F2 /* Embed Watch Content */ = {
			isa = PBXCopyFilesBuildPhase;
			buildActionMask = 2147483647;
			dstPath = "$(CONTENTS_FOLDER_PATH)/Watch";
			dstSubfolderSpec = 16;
			files = (
				488C22D52636FD2400EB72F2 /* AIWorkout Collector WatchKit App.app in Embed Watch Content */,
			);
			name = "Embed Watch Content";
			runOnlyForDeploymentPostprocessing = 0;
		};
/* End PBXCopyFilesBuildPhase section */

/* Begin PBXFileReference section */
		483B6538265B3A730036297D /* HealthKitManager.swift */ = {isa = PBXFileReference; lastKnownFileType = sourcecode.swift; path = HealthKitManager.swift; sourceTree = "<group>"; };
		483B653A265B3AAD0036297D /* Extensions.swift */ = {isa = PBXFileReference; lastKnownFileType = sourcecode.swift; path = Extensions.swift; sourceTree = "<group>"; };
		483B6542265B3CB70036297D /* AIWorkout Collector Tests.xctest */ = {isa = PBXFileReference; explicitFileType = wrapper.cfbundle; includeInIndex = 0; path = "AIWorkout Collector Tests.xctest"; sourceTree = BUILT_PRODUCTS_DIR; };
		483B6544265B3CB70036297D /* AIWorkout_Collector_Tests.swift */ = {isa = PBXFileReference; lastKnownFileType = sourcecode.swift; path = AIWorkout_Collector_Tests.swift; sourceTree = "<group>"; };
		483B6546265B3CB70036297D /* Info.plist */ = {isa = PBXFileReference; lastKnownFileType = text.plist.xml; path = Info.plist; sourceTree = "<group>"; };
		483B6550265B3CC50036297D /* AIWorkout Collector UITests.xctest */ = {isa = PBXFileReference; explicitFileType = wrapper.cfbundle; includeInIndex = 0; path = "AIWorkout Collector UITests.xctest"; sourceTree = BUILT_PRODUCTS_DIR; };
		483B6552265B3CC50036297D /* AIWorkout_Collector_UITests.swift */ = {isa = PBXFileReference; lastKnownFileType = sourcecode.swift; path = AIWorkout_Collector_UITests.swift; sourceTree = "<group>"; };
		483B6554265B3CC50036297D /* Info.plist */ = {isa = PBXFileReference; lastKnownFileType = text.plist.xml; path = Info.plist; sourceTree = "<group>"; };
		483B655A265B3ECB0036297D /* NotificationView.swift */ = {isa = PBXFileReference; fileEncoding = 4; lastKnownFileType = sourcecode.swift; path = NotificationView.swift; sourceTree = "<group>"; };
		485A93CA265C1D0A00078E43 /* AIWorkout Collector WatchKit Extension.entitlements */ = {isa = PBXFileReference; lastKnownFileType = text.plist.entitlements; path = "AIWorkout Collector WatchKit Extension.entitlements"; sourceTree = "<group>"; };
		485A93CC265C1D0A00078E43 /* HealthKit.framework */ = {isa = PBXFileReference; lastKnownFileType = wrapper.framework; name = HealthKit.framework; path = Platforms/WatchOS.platform/Developer/SDKs/WatchOS7.4.sdk/System/Library/Frameworks/HealthKit.framework; sourceTree = DEVELOPER_DIR; };
		487F85102648E0B300736B20 /* ServerManager.swift */ = {isa = PBXFileReference; lastKnownFileType = sourcecode.swift; path = ServerManager.swift; sourceTree = "<group>"; };
		488C22D02636FD2400EB72F2 /* AIWorkout Collector.app */ = {isa = PBXFileReference; explicitFileType = wrapper.application; includeInIndex = 0; path = "AIWorkout Collector.app"; sourceTree = BUILT_PRODUCTS_DIR; };
		488C22D42636FD2400EB72F2 /* AIWorkout Collector WatchKit App.app */ = {isa = PBXFileReference; explicitFileType = wrapper.application; includeInIndex = 0; path = "AIWorkout Collector WatchKit App.app"; sourceTree = BUILT_PRODUCTS_DIR; };
		488C22D92636FD2700EB72F2 /* Assets.xcassets */ = {isa = PBXFileReference; lastKnownFileType = folder.assetcatalog; path = Assets.xcassets; sourceTree = "<group>"; };
		488C22DB2636FD2700EB72F2 /* Info.plist */ = {isa = PBXFileReference; lastKnownFileType = text.plist.xml; path = Info.plist; sourceTree = "<group>"; };
		488C22E02636FD2700EB72F2 /* AIWorkout Collector WatchKit Extension.appex */ = {isa = PBXFileReference; explicitFileType = "wrapper.app-extension"; includeInIndex = 0; path = "AIWorkout Collector WatchKit Extension.appex"; sourceTree = BUILT_PRODUCTS_DIR; };
		488C22E52636FD2700EB72F2 /* AIWorkout_Collector_App.swift */ = {isa = PBXFileReference; lastKnownFileType = sourcecode.swift; path = AIWorkout_Collector_App.swift; sourceTree = "<group>"; };
		488C22E72636FD2700EB72F2 /* ContentView.swift */ = {isa = PBXFileReference; lastKnownFileType = sourcecode.swift; path = ContentView.swift; sourceTree = "<group>"; };
		488C22E92636FD2700EB72F2 /* NotificationController.swift */ = {isa = PBXFileReference; lastKnownFileType = sourcecode.swift; path = NotificationController.swift; sourceTree = "<group>"; };
		488C22ED2636FD2700EB72F2 /* ComplicationController.swift */ = {isa = PBXFileReference; lastKnownFileType = sourcecode.swift; path = ComplicationController.swift; sourceTree = "<group>"; };
		488C22EF2636FD2800EB72F2 /* Assets.xcassets */ = {isa = PBXFileReference; lastKnownFileType = folder.assetcatalog; path = Assets.xcassets; sourceTree = "<group>"; };
		488C22F22636FD2800EB72F2 /* Preview Assets.xcassets */ = {isa = PBXFileReference; lastKnownFileType = folder.assetcatalog; path = "Preview Assets.xcassets"; sourceTree = "<group>"; };
		488C22F42636FD2800EB72F2 /* Info.plist */ = {isa = PBXFileReference; lastKnownFileType = text.plist.xml; path = Info.plist; sourceTree = "<group>"; };
		488C22F52636FD2800EB72F2 /* PushNotificationPayload.apns */ = {isa = PBXFileReference; lastKnownFileType = text; path = PushNotificationPayload.apns; sourceTree = "<group>"; };
		48BF84B1264655DE00CA7AB4 /* SessionView.swift */ = {isa = PBXFileReference; lastKnownFileType = sourcecode.swift; path = SessionView.swift; sourceTree = "<group>"; };
		48BF84B32646608E00CA7AB4 /* MotionManager.swift */ = {isa = PBXFileReference; lastKnownFileType = sourcecode.swift; path = MotionManager.swift; sourceTree = "<group>"; };
		48BF84B52646F81400CA7AB4 /* ButtonViews.swift */ = {isa = PBXFileReference; lastKnownFileType = sourcecode.swift; path = ButtonViews.swift; sourceTree = "<group>"; };
/* End PBXFileReference section */

/* Begin PBXFrameworksBuildPhase section */
		483B653F265B3CB70036297D /* Frameworks */ = {
			isa = PBXFrameworksBuildPhase;
			buildActionMask = 2147483647;
			files = (
			);
			runOnlyForDeploymentPostprocessing = 0;
		};
		483B654D265B3CC50036297D /* Frameworks */ = {
			isa = PBXFrameworksBuildPhase;
			buildActionMask = 2147483647;
			files = (
			);
			runOnlyForDeploymentPostprocessing = 0;
		};
		488C22DD2636FD2700EB72F2 /* Frameworks */ = {
			isa = PBXFrameworksBuildPhase;
			buildActionMask = 2147483647;
			files = (
				485A93CD265C1D0A00078E43 /* HealthKit.framework in Frameworks */,
			);
			runOnlyForDeploymentPostprocessing = 0;
		};
/* End PBXFrameworksBuildPhase section */

/* Begin PBXGroup section */
		483B653C265B3B480036297D /* Notifications & Complications */ = {
			isa = PBXGroup;
			children = (
				488C22E92636FD2700EB72F2 /* NotificationController.swift */,
				483B655A265B3ECB0036297D /* NotificationView.swift */,
				488C22ED2636FD2700EB72F2 /* ComplicationController.swift */,
			);
			path = "Notifications & Complications";
			sourceTree = "<group>";
		};
		483B653D265B3C0B0036297D /* AIWorkout Collector */ = {
			isa = PBXGroup;
			children = (
				487F85102648E0B300736B20 /* ServerManager.swift */,
				48BF84B32646608E00CA7AB4 /* MotionManager.swift */,
				483B6538265B3A730036297D /* HealthKitManager.swift */,
				488C230B2636FD6800EB72F2 /* Views */,
			);
			path = "AIWorkout Collector";
			sourceTree = "<group>";
		};
		483B6543265B3CB70036297D /* AIWorkout Collector Tests */ = {
			isa = PBXGroup;
			children = (
				483B6544265B3CB70036297D /* AIWorkout_Collector_Tests.swift */,
				483B6546265B3CB70036297D /* Info.plist */,
			);
			path = "AIWorkout Collector Tests";
			sourceTree = "<group>";
		};
		483B6551265B3CC50036297D /* AIWorkout Collector UITests */ = {
			isa = PBXGroup;
			children = (
				483B6552265B3CC50036297D /* AIWorkout_Collector_UITests.swift */,
				483B6554265B3CC50036297D /* Info.plist */,
			);
			path = "AIWorkout Collector UITests";
			sourceTree = "<group>";
		};
		485A93CB265C1D0A00078E43 /* Frameworks */ = {
			isa = PBXGroup;
			children = (
				485A93CC265C1D0A00078E43 /* HealthKit.framework */,
			);
			name = Frameworks;
			sourceTree = "<group>";
		};
		488C22C92636FD2300EB72F2 = {
			isa = PBXGroup;
			children = (
				488C22D82636FD2400EB72F2 /* AIWorkout Collector WatchKit App */,
				488C22E42636FD2700EB72F2 /* AIWorkout Collector WatchKit Extension */,
				483B6543265B3CB70036297D /* AIWorkout Collector Tests */,
				483B6551265B3CC50036297D /* AIWorkout Collector UITests */,
				488C22D12636FD2400EB72F2 /* Products */,
				485A93CB265C1D0A00078E43 /* Frameworks */,
			);
			sourceTree = "<group>";
		};
		488C22D12636FD2400EB72F2 /* Products */ = {
			isa = PBXGroup;
			children = (
				488C22D02636FD2400EB72F2 /* AIWorkout Collector.app */,
				488C22D42636FD2400EB72F2 /* AIWorkout Collector WatchKit App.app */,
				488C22E02636FD2700EB72F2 /* AIWorkout Collector WatchKit Extension.appex */,
				483B6542265B3CB70036297D /* AIWorkout Collector Tests.xctest */,
				483B6550265B3CC50036297D /* AIWorkout Collector UITests.xctest */,
			);
			name = Products;
			sourceTree = "<group>";
		};
		488C22D82636FD2400EB72F2 /* AIWorkout Collector WatchKit App */ = {
			isa = PBXGroup;
			children = (
				488C22D92636FD2700EB72F2 /* Assets.xcassets */,
				488C22DB2636FD2700EB72F2 /* Info.plist */,
			);
			path = "AIWorkout Collector WatchKit App";
			sourceTree = "<group>";
		};
		488C22E42636FD2700EB72F2 /* AIWorkout Collector WatchKit Extension */ = {
			isa = PBXGroup;
			children = (
				485A93CA265C1D0A00078E43 /* AIWorkout Collector WatchKit Extension.entitlements */,
				483B653D265B3C0B0036297D /* AIWorkout Collector */,
				488C22E52636FD2700EB72F2 /* AIWorkout_Collector_App.swift */,
				483B653A265B3AAD0036297D /* Extensions.swift */,
				488C22EF2636FD2800EB72F2 /* Assets.xcassets */,
				488C22F42636FD2800EB72F2 /* Info.plist */,
				483B653C265B3B480036297D /* Notifications & Complications */,
				488C22F12636FD2800EB72F2 /* Preview Content */,
				488C22F52636FD2800EB72F2 /* PushNotificationPayload.apns */,
			);
			path = "AIWorkout Collector WatchKit Extension";
			sourceTree = "<group>";
		};
		488C22F12636FD2800EB72F2 /* Preview Content */ = {
			isa = PBXGroup;
			children = (
				488C22F22636FD2800EB72F2 /* Preview Assets.xcassets */,
			);
			path = "Preview Content";
			sourceTree = "<group>";
		};
		488C230B2636FD6800EB72F2 /* Views */ = {
			isa = PBXGroup;
			children = (
				488C22E72636FD2700EB72F2 /* ContentView.swift */,
				48BF84B1264655DE00CA7AB4 /* SessionView.swift */,
				48BF84B52646F81400CA7AB4 /* ButtonViews.swift */,
			);
			path = Views;
			sourceTree = "<group>";
		};
/* End PBXGroup section */

/* Begin PBXNativeTarget section */
		483B6541265B3CB70036297D /* AIWorkout Collector Tests */ = {
			isa = PBXNativeTarget;
			buildConfigurationList = 483B6549265B3CB70036297D /* Build configuration list for PBXNativeTarget "AIWorkout Collector Tests" */;
			buildPhases = (
				483B653E265B3CB70036297D /* Sources */,
				483B653F265B3CB70036297D /* Frameworks */,
				483B6540265B3CB70036297D /* Resources */,
			);
			buildRules = (
			);
			dependencies = (
				483B6548265B3CB70036297D /* PBXTargetDependency */,
			);
			name = "AIWorkout Collector Tests";
			productName = "AIWorkout Collector Tests";
			productReference = 483B6542265B3CB70036297D /* AIWorkout Collector Tests.xctest */;
			productType = "com.apple.product-type.bundle.unit-test";
		};
		483B654F265B3CC50036297D /* AIWorkout Collector UITests */ = {
			isa = PBXNativeTarget;
			buildConfigurationList = 483B6557265B3CC50036297D /* Build configuration list for PBXNativeTarget "AIWorkout Collector UITests" */;
			buildPhases = (
				483B654C265B3CC50036297D /* Sources */,
				483B654D265B3CC50036297D /* Frameworks */,
				483B654E265B3CC50036297D /* Resources */,
			);
			buildRules = (
			);
			dependencies = (
				483B6556265B3CC50036297D /* PBXTargetDependency */,
			);
			name = "AIWorkout Collector UITests";
			productName = "AIWorkout Collector UITests";
			productReference = 483B6550265B3CC50036297D /* AIWorkout Collector UITests.xctest */;
			productType = "com.apple.product-type.bundle.ui-testing";
		};
		488C22CF2636FD2400EB72F2 /* AIWorkout Collector */ = {
			isa = PBXNativeTarget;
			buildConfigurationList = 488C23002636FD2800EB72F2 /* Build configuration list for PBXNativeTarget "AIWorkout Collector" */;
			buildPhases = (
				488C22CE2636FD2400EB72F2 /* Resources */,
				488C22FF2636FD2800EB72F2 /* Embed Watch Content */,
			);
			buildRules = (
			);
			dependencies = (
				488C22D72636FD2400EB72F2 /* PBXTargetDependency */,
			);
			name = "AIWorkout Collector";
			packageProductDependencies = (
			);
			productName = "AIWorkout Collector Template";
			productReference = 488C22D02636FD2400EB72F2 /* AIWorkout Collector.app */;
			productType = "com.apple.product-type.application.watchapp2-container";
		};
		488C22D32636FD2400EB72F2 /* AIWorkout Collector WatchKit App */ = {
			isa = PBXNativeTarget;
			buildConfigurationList = 488C22FC2636FD2800EB72F2 /* Build configuration list for PBXNativeTarget "AIWorkout Collector WatchKit App" */;
			buildPhases = (
				488C22D22636FD2400EB72F2 /* Resources */,
				488C22FB2636FD2800EB72F2 /* Embed App Extensions */,
			);
			buildRules = (
			);
			dependencies = (
				488C22E32636FD2700EB72F2 /* PBXTargetDependency */,
			);
			name = "AIWorkout Collector WatchKit App";
			productName = "AIWorkout Collector Template WatchKit App";
			productReference = 488C22D42636FD2400EB72F2 /* AIWorkout Collector WatchKit App.app */;
			productType = "com.apple.product-type.application.watchapp2";
		};
		488C22DF2636FD2700EB72F2 /* AIWorkout Collector WatchKit Extension */ = {
			isa = PBXNativeTarget;
			buildConfigurationList = 488C22F82636FD2800EB72F2 /* Build configuration list for PBXNativeTarget "AIWorkout Collector WatchKit Extension" */;
			buildPhases = (
				488C22DC2636FD2700EB72F2 /* Sources */,
				488C22DD2636FD2700EB72F2 /* Frameworks */,
				488C22DE2636FD2700EB72F2 /* Resources */,
			);
			buildRules = (
			);
			dependencies = (
			);
			name = "AIWorkout Collector WatchKit Extension";
			productName = "AIWorkout Collector Template WatchKit Extension";
			productReference = 488C22E02636FD2700EB72F2 /* AIWorkout Collector WatchKit Extension.appex */;
			productType = "com.apple.product-type.watchkit2-extension";
		};
/* End PBXNativeTarget section */

/* Begin PBXProject section */
		488C22CA2636FD2300EB72F2 /* Project object */ = {
			isa = PBXProject;
			attributes = {
				LastSwiftUpdateCheck = 1250;
				LastUpgradeCheck = 1240;
				TargetAttributes = {
					483B6541265B3CB70036297D = {
						CreatedOnToolsVersion = 12.5;
						TestTargetID = 488C22DF2636FD2700EB72F2;
					};
					483B654F265B3CC50036297D = {
						CreatedOnToolsVersion = 12.5;
						TestTargetID = 488C22D32636FD2400EB72F2;
					};
					488C22CF2636FD2400EB72F2 = {
						CreatedOnToolsVersion = 12.4;
					};
					488C22D32636FD2400EB72F2 = {
						CreatedOnToolsVersion = 12.4;
					};
					488C22DF2636FD2700EB72F2 = {
						CreatedOnToolsVersion = 12.4;
					};
				};
			};
			buildConfigurationList = 488C22CD2636FD2300EB72F2 /* Build configuration list for PBXProject "AIWorkout Collector" */;
			compatibilityVersion = "Xcode 9.3";
			developmentRegion = en;
			hasScannedForEncodings = 0;
			knownRegions = (
				en,
				Base,
			);
			mainGroup = 488C22C92636FD2300EB72F2;
			packageReferences = (
			);
			productRefGroup = 488C22D12636FD2400EB72F2 /* Products */;
			projectDirPath = "";
			projectRoot = "";
			targets = (
				488C22CF2636FD2400EB72F2 /* AIWorkout Collector */,
				488C22D32636FD2400EB72F2 /* AIWorkout Collector WatchKit App */,
				488C22DF2636FD2700EB72F2 /* AIWorkout Collector WatchKit Extension */,
				483B6541265B3CB70036297D /* AIWorkout Collector Tests */,
				483B654F265B3CC50036297D /* AIWorkout Collector UITests */,
			);
		};
/* End PBXProject section */

/* Begin PBXResourcesBuildPhase section */
		483B6540265B3CB70036297D /* Resources */ = {
			isa = PBXResourcesBuildPhase;
			buildActionMask = 2147483647;
			files = (
			);
			runOnlyForDeploymentPostprocessing = 0;
		};
		483B654E265B3CC50036297D /* Resources */ = {
			isa = PBXResourcesBuildPhase;
			buildActionMask = 2147483647;
			files = (
			);
			runOnlyForDeploymentPostprocessing = 0;
		};
		488C22CE2636FD2400EB72F2 /* Resources */ = {
			isa = PBXResourcesBuildPhase;
			buildActionMask = 2147483647;
			files = (
			);
			runOnlyForDeploymentPostprocessing = 0;
		};
		488C22D22636FD2400EB72F2 /* Resources */ = {
			isa = PBXResourcesBuildPhase;
			buildActionMask = 2147483647;
			files = (
				488C22DA2636FD2700EB72F2 /* Assets.xcassets in Resources */,
			);
			runOnlyForDeploymentPostprocessing = 0;
		};
		488C22DE2636FD2700EB72F2 /* Resources */ = {
			isa = PBXResourcesBuildPhase;
			buildActionMask = 2147483647;
			files = (
				488C22F32636FD2800EB72F2 /* Preview Assets.xcassets in Resources */,
				488C22F02636FD2800EB72F2 /* Assets.xcassets in Resources */,
			);
			runOnlyForDeploymentPostprocessing = 0;
		};
/* End PBXResourcesBuildPhase section */

/* Begin PBXSourcesBuildPhase section */
		483B653E265B3CB70036297D /* Sources */ = {
			isa = PBXSourcesBuildPhase;
			buildActionMask = 2147483647;
			files = (
				483B6545265B3CB70036297D /* AIWorkout_Collector_Tests.swift in Sources */,
			);
			runOnlyForDeploymentPostprocessing = 0;
		};
		483B654C265B3CC50036297D /* Sources */ = {
			isa = PBXSourcesBuildPhase;
			buildActionMask = 2147483647;
			files = (
				483B6553265B3CC50036297D /* AIWorkout_Collector_UITests.swift in Sources */,
			);
			runOnlyForDeploymentPostprocessing = 0;
		};
		488C22DC2636FD2700EB72F2 /* Sources */ = {
			isa = PBXSourcesBuildPhase;
			buildActionMask = 2147483647;
			files = (
				488C22EA2636FD2700EB72F2 /* NotificationController.swift in Sources */,
				483B6539265B3A730036297D /* HealthKitManager.swift in Sources */,
				48BF84B42646608E00CA7AB4 /* MotionManager.swift in Sources */,
				483B655B265B3ECB0036297D /* NotificationView.swift in Sources */,
				48BF84B2264655DE00CA7AB4 /* SessionView.swift in Sources */,
				488C22E82636FD2700EB72F2 /* ContentView.swift in Sources */,
				488C22EE2636FD2700EB72F2 /* ComplicationController.swift in Sources */,
				48BF84B62646F81400CA7AB4 /* ButtonViews.swift in Sources */,
				483B653B265B3AAD0036297D /* Extensions.swift in Sources */,
				488C22E62636FD2700EB72F2 /* AIWorkout_Collector_App.swift in Sources */,
				487F85112648E0B300736B20 /* ServerManager.swift in Sources */,
			);
			runOnlyForDeploymentPostprocessing = 0;
		};
/* End PBXSourcesBuildPhase section */

/* Begin PBXTargetDependency section */
		483B6548265B3CB70036297D /* PBXTargetDependency */ = {
			isa = PBXTargetDependency;
			target = 488C22DF2636FD2700EB72F2 /* AIWorkout Collector WatchKit Extension */;
			targetProxy = 483B6547265B3CB70036297D /* PBXContainerItemProxy */;
		};
		483B6556265B3CC50036297D /* PBXTargetDependency */ = {
			isa = PBXTargetDependency;
			target = 488C22D32636FD2400EB72F2 /* AIWorkout Collector WatchKit App */;
			targetProxy = 483B6555265B3CC50036297D /* PBXContainerItemProxy */;
		};
		488C22D72636FD2400EB72F2 /* PBXTargetDependency */ = {
			isa = PBXTargetDependency;
			target = 488C22D32636FD2400EB72F2 /* AIWorkout Collector WatchKit App */;
			targetProxy = 488C22D62636FD2400EB72F2 /* PBXContainerItemProxy */;
		};
		488C22E32636FD2700EB72F2 /* PBXTargetDependency */ = {
			isa = PBXTargetDependency;
			target = 488C22DF2636FD2700EB72F2 /* AIWorkout Collector WatchKit Extension */;
			targetProxy = 488C22E22636FD2700EB72F2 /* PBXContainerItemProxy */;
		};
/* End PBXTargetDependency section */

/* Begin XCBuildConfiguration section */
		483B654A265B3CB70036297D /* Debug */ = {
			isa = XCBuildConfiguration;
			buildSettings = {
				BUNDLE_LOADER = "$(TEST_HOST)";
				CODE_SIGN_STYLE = Automatic;
				DEVELOPMENT_TEAM = E2RJE8M8Y3;
				INFOPLIST_FILE = "AIWorkout Collector Tests/Info.plist";
				LD_RUNPATH_SEARCH_PATHS = (
					"$(inherited)",
					"@executable_path/Frameworks",
					"@loader_path/Frameworks",
				);
				PRODUCT_BUNDLE_IDENTIFIER = "DevKnight-Studios.AIWorkout-Collector-Tests";
				PRODUCT_NAME = "$(TARGET_NAME)";
				SDKROOT = watchos;
				SWIFT_VERSION = 5.0;
				TARGETED_DEVICE_FAMILY = 4;
				TEST_HOST = "$(BUILT_PRODUCTS_DIR)/AIWorkout Collector WatchKit Extension.appex/AIWorkout Collector WatchKit Extension";
				WATCHOS_DEPLOYMENT_TARGET = 7.4;
			};
			name = Debug;
		};
		483B654B265B3CB70036297D /* Release */ = {
			isa = XCBuildConfiguration;
			buildSettings = {
				BUNDLE_LOADER = "$(TEST_HOST)";
				CODE_SIGN_STYLE = Automatic;
				DEVELOPMENT_TEAM = E2RJE8M8Y3;
				INFOPLIST_FILE = "AIWorkout Collector Tests/Info.plist";
				LD_RUNPATH_SEARCH_PATHS = (
					"$(inherited)",
					"@executable_path/Frameworks",
					"@loader_path/Frameworks",
				);
				PRODUCT_BUNDLE_IDENTIFIER = "DevKnight-Studios.AIWorkout-Collector-Tests";
				PRODUCT_NAME = "$(TARGET_NAME)";
				SDKROOT = watchos;
				SWIFT_VERSION = 5.0;
				TARGETED_DEVICE_FAMILY = 4;
				TEST_HOST = "$(BUILT_PRODUCTS_DIR)/AIWorkout Collector WatchKit Extension.appex/AIWorkout Collector WatchKit Extension";
				WATCHOS_DEPLOYMENT_TARGET = 7.4;
			};
			name = Release;
		};
		483B6558265B3CC50036297D /* Debug */ = {
			isa = XCBuildConfiguration;
			buildSettings = {
				CODE_SIGN_STYLE = Automatic;
				DEVELOPMENT_TEAM = E2RJE8M8Y3;
				INFOPLIST_FILE = "AIWorkout Collector UITests/Info.plist";
				LD_RUNPATH_SEARCH_PATHS = (
					"$(inherited)",
					"@executable_path/Frameworks",
					"@loader_path/Frameworks",
				);
				PRODUCT_BUNDLE_IDENTIFIER = "DevKnight-Studios.AIWorkout-Collector-UITests";
				PRODUCT_NAME = "$(TARGET_NAME)";
				SDKROOT = watchos;
				SWIFT_VERSION = 5.0;
				TARGETED_DEVICE_FAMILY = 4;
				TEST_TARGET_NAME = "AIWorkout Collector WatchKit App";
				WATCHOS_DEPLOYMENT_TARGET = 7.4;
			};
			name = Debug;
		};
		483B6559265B3CC50036297D /* Release */ = {
			isa = XCBuildConfiguration;
			buildSettings = {
				CODE_SIGN_STYLE = Automatic;
				DEVELOPMENT_TEAM = E2RJE8M8Y3;
				INFOPLIST_FILE = "AIWorkout Collector UITests/Info.plist";
				LD_RUNPATH_SEARCH_PATHS = (
					"$(inherited)",
					"@executable_path/Frameworks",
					"@loader_path/Frameworks",
				);
				PRODUCT_BUNDLE_IDENTIFIER = "DevKnight-Studios.AIWorkout-Collector-UITests";
				PRODUCT_NAME = "$(TARGET_NAME)";
				SDKROOT = watchos;
				SWIFT_VERSION = 5.0;
				TARGETED_DEVICE_FAMILY = 4;
				TEST_TARGET_NAME = "AIWorkout Collector WatchKit App";
				WATCHOS_DEPLOYMENT_TARGET = 7.4;
			};
			name = Release;
		};
		488C22F62636FD2800EB72F2 /* Debug */ = {
			isa = XCBuildConfiguration;
			buildSettings = {
				ALWAYS_SEARCH_USER_PATHS = NO;
				CLANG_ANALYZER_NONNULL = YES;
				CLANG_ANALYZER_NUMBER_OBJECT_CONVERSION = YES_AGGRESSIVE;
				CLANG_CXX_LANGUAGE_STANDARD = "gnu++14";
				CLANG_CXX_LIBRARY = "libc++";
				CLANG_ENABLE_MODULES = YES;
				CLANG_ENABLE_OBJC_ARC = YES;
				CLANG_ENABLE_OBJC_WEAK = YES;
				CLANG_WARN_BLOCK_CAPTURE_AUTORELEASING = YES;
				CLANG_WARN_BOOL_CONVERSION = YES;
				CLANG_WARN_COMMA = YES;
				CLANG_WARN_CONSTANT_CONVERSION = YES;
				CLANG_WARN_DEPRECATED_OBJC_IMPLEMENTATIONS = YES;
				CLANG_WARN_DIRECT_OBJC_ISA_USAGE = YES_ERROR;
				CLANG_WARN_DOCUMENTATION_COMMENTS = YES;
				CLANG_WARN_EMPTY_BODY = YES;
				CLANG_WARN_ENUM_CONVERSION = YES;
				CLANG_WARN_INFINITE_RECURSION = YES;
				CLANG_WARN_INT_CONVERSION = YES;
				CLANG_WARN_NON_LITERAL_NULL_CONVERSION = YES;
				CLANG_WARN_OBJC_IMPLICIT_RETAIN_SELF = YES;
				CLANG_WARN_OBJC_LITERAL_CONVERSION = YES;
				CLANG_WARN_OBJC_ROOT_CLASS = YES_ERROR;
				CLANG_WARN_QUOTED_INCLUDE_IN_FRAMEWORK_HEADER = YES;
				CLANG_WARN_RANGE_LOOP_ANALYSIS = YES;
				CLANG_WARN_STRICT_PROTOTYPES = YES;
				CLANG_WARN_SUSPICIOUS_MOVE = YES;
				CLANG_WARN_UNGUARDED_AVAILABILITY = YES_AGGRESSIVE;
				CLANG_WARN_UNREACHABLE_CODE = YES;
				CLANG_WARN__DUPLICATE_METHOD_MATCH = YES;
				COPY_PHASE_STRIP = NO;
				DEBUG_INFORMATION_FORMAT = dwarf;
				ENABLE_STRICT_OBJC_MSGSEND = YES;
				ENABLE_TESTABILITY = YES;
				GCC_C_LANGUAGE_STANDARD = gnu11;
				GCC_DYNAMIC_NO_PIC = NO;
				GCC_NO_COMMON_BLOCKS = YES;
				GCC_OPTIMIZATION_LEVEL = 0;
				GCC_PREPROCESSOR_DEFINITIONS = (
					"DEBUG=1",
					"$(inherited)",
				);
				GCC_WARN_64_TO_32_BIT_CONVERSION = YES;
				GCC_WARN_ABOUT_RETURN_TYPE = YES_ERROR;
				GCC_WARN_UNDECLARED_SELECTOR = YES;
				GCC_WARN_UNINITIALIZED_AUTOS = YES_AGGRESSIVE;
				GCC_WARN_UNUSED_FUNCTION = YES;
				GCC_WARN_UNUSED_VARIABLE = YES;
				MTL_ENABLE_DEBUG_INFO = INCLUDE_SOURCE;
				MTL_FAST_MATH = YES;
				ONLY_ACTIVE_ARCH = YES;
				SDKROOT = iphoneos;
				SWIFT_ACTIVE_COMPILATION_CONDITIONS = DEBUG;
				SWIFT_OPTIMIZATION_LEVEL = "-Onone";
			};
			name = Debug;
		};
		488C22F72636FD2800EB72F2 /* Release */ = {
			isa = XCBuildConfiguration;
			buildSettings = {
				ALWAYS_SEARCH_USER_PATHS = NO;
				CLANG_ANALYZER_NONNULL = YES;
				CLANG_ANALYZER_NUMBER_OBJECT_CONVERSION = YES_AGGRESSIVE;
				CLANG_CXX_LANGUAGE_STANDARD = "gnu++14";
				CLANG_CXX_LIBRARY = "libc++";
				CLANG_ENABLE_MODULES = YES;
				CLANG_ENABLE_OBJC_ARC = YES;
				CLANG_ENABLE_OBJC_WEAK = YES;
				CLANG_WARN_BLOCK_CAPTURE_AUTORELEASING = YES;
				CLANG_WARN_BOOL_CONVERSION = YES;
				CLANG_WARN_COMMA = YES;
				CLANG_WARN_CONSTANT_CONVERSION = YES;
				CLANG_WARN_DEPRECATED_OBJC_IMPLEMENTATIONS = YES;
				CLANG_WARN_DIRECT_OBJC_ISA_USAGE = YES_ERROR;
				CLANG_WARN_DOCUMENTATION_COMMENTS = YES;
				CLANG_WARN_EMPTY_BODY = YES;
				CLANG_WARN_ENUM_CONVERSION = YES;
				CLANG_WARN_INFINITE_RECURSION = YES;
				CLANG_WARN_INT_CONVERSION = YES;
				CLANG_WARN_NON_LITERAL_NULL_CONVERSION = YES;
				CLANG_WARN_OBJC_IMPLICIT_RETAIN_SELF = YES;
				CLANG_WARN_OBJC_LITERAL_CONVERSION = YES;
				CLANG_WARN_OBJC_ROOT_CLASS = YES_ERROR;
				CLANG_WARN_QUOTED_INCLUDE_IN_FRAMEWORK_HEADER = YES;
				CLANG_WARN_RANGE_LOOP_ANALYSIS = YES;
				CLANG_WARN_STRICT_PROTOTYPES = YES;
				CLANG_WARN_SUSPICIOUS_MOVE = YES;
				CLANG_WARN_UNGUARDED_AVAILABILITY = YES_AGGRESSIVE;
				CLANG_WARN_UNREACHABLE_CODE = YES;
				CLANG_WARN__DUPLICATE_METHOD_MATCH = YES;
				COPY_PHASE_STRIP = NO;
				DEBUG_INFORMATION_FORMAT = "dwarf-with-dsym";
				ENABLE_NS_ASSERTIONS = NO;
				ENABLE_STRICT_OBJC_MSGSEND = YES;
				GCC_C_LANGUAGE_STANDARD = gnu11;
				GCC_NO_COMMON_BLOCKS = YES;
				GCC_WARN_64_TO_32_BIT_CONVERSION = YES;
				GCC_WARN_ABOUT_RETURN_TYPE = YES_ERROR;
				GCC_WARN_UNDECLARED_SELECTOR = YES;
				GCC_WARN_UNINITIALIZED_AUTOS = YES_AGGRESSIVE;
				GCC_WARN_UNUSED_FUNCTION = YES;
				GCC_WARN_UNUSED_VARIABLE = YES;
				MTL_ENABLE_DEBUG_INFO = NO;
				MTL_FAST_MATH = YES;
				SDKROOT = iphoneos;
				SWIFT_COMPILATION_MODE = wholemodule;
				SWIFT_OPTIMIZATION_LEVEL = "-O";
				VALIDATE_PRODUCT = YES;
			};
			name = Release;
		};
		488C22F92636FD2800EB72F2 /* Debug */ = {
			isa = XCBuildConfiguration;
			buildSettings = {
				ASSETCATALOG_COMPILER_COMPLICATION_NAME = Complication;
				CODE_SIGN_ENTITLEMENTS = "AIWorkout Collector WatchKit Extension/AIWorkout Collector WatchKit Extension.entitlements";
				CODE_SIGN_STYLE = Automatic;
				DEVELOPMENT_ASSET_PATHS = "\"AIWorkout Collector WatchKit Extension/Preview Content\"";
				DEVELOPMENT_TEAM = E2RJE8M8Y3;
				ENABLE_PREVIEWS = YES;
				INFOPLIST_FILE = "AIWorkout Collector WatchKit Extension/Info.plist";
				LD_RUNPATH_SEARCH_PATHS = (
					"$(inherited)",
					"@executable_path/Frameworks",
					"@executable_path/../../Frameworks",
				);
				PRODUCT_BUNDLE_IDENTIFIER = com.dks.AIWorkoutCollector.watchkitapp.watchkitextension;
				PRODUCT_NAME = "${TARGET_NAME}";
				SDKROOT = watchos;
				SKIP_INSTALL = YES;
				SWIFT_VERSION = 5.0;
				TARGETED_DEVICE_FAMILY = 4;
				WATCHOS_DEPLOYMENT_TARGET = 7.4;
			};
			name = Debug;
		};
		488C22FA2636FD2800EB72F2 /* Release */ = {
			isa = XCBuildConfiguration;
			buildSettings = {
				ASSETCATALOG_COMPILER_COMPLICATION_NAME = Complication;
				CODE_SIGN_ENTITLEMENTS = "AIWorkout Collector WatchKit Extension/AIWorkout Collector WatchKit Extension.entitlements";
				CODE_SIGN_STYLE = Automatic;
				DEVELOPMENT_ASSET_PATHS = "\"AIWorkout Collector WatchKit Extension/Preview Content\"";
				DEVELOPMENT_TEAM = E2RJE8M8Y3;
				ENABLE_PREVIEWS = YES;
				INFOPLIST_FILE = "AIWorkout Collector WatchKit Extension/Info.plist";
				LD_RUNPATH_SEARCH_PATHS = (
					"$(inherited)",
					"@executable_path/Frameworks",
					"@executable_path/../../Frameworks",
				);
				PRODUCT_BUNDLE_IDENTIFIER = com.dks.AIWorkoutCollector.watchkitapp.watchkitextension;
				PRODUCT_NAME = "${TARGET_NAME}";
				SDKROOT = watchos;
				SKIP_INSTALL = YES;
				SWIFT_VERSION = 5.0;
				TARGETED_DEVICE_FAMILY = 4;
				WATCHOS_DEPLOYMENT_TARGET = 7.4;
			};
			name = Release;
		};
		488C22FD2636FD2800EB72F2 /* Debug */ = {
			isa = XCBuildConfiguration;
			buildSettings = {
				ALWAYS_EMBED_SWIFT_STANDARD_LIBRARIES = YES;
				ASSETCATALOG_COMPILER_APPICON_NAME = AppIcon;
				ASSETCATALOG_COMPILER_GLOBAL_ACCENT_COLOR_NAME = AccentColor;
				CODE_SIGN_STYLE = Automatic;
				DEVELOPMENT_TEAM = E2RJE8M8Y3;
				IBSC_MODULE = AIWorkout_Collector_Template_WatchKit_Extension;
				INFOPLIST_FILE = "AIWorkout Collector WatchKit App/Info.plist";
				PRODUCT_BUNDLE_IDENTIFIER = com.dks.AIWorkoutCollector.watchkitapp;
				PRODUCT_NAME = "$(TARGET_NAME)";
				SDKROOT = watchos;
				SKIP_INSTALL = YES;
				SWIFT_VERSION = 5.0;
				TARGETED_DEVICE_FAMILY = 4;
				WATCHOS_DEPLOYMENT_TARGET = 7.4;
			};
			name = Debug;
		};
		488C22FE2636FD2800EB72F2 /* Release */ = {
			isa = XCBuildConfiguration;
			buildSettings = {
				ALWAYS_EMBED_SWIFT_STANDARD_LIBRARIES = YES;
				ASSETCATALOG_COMPILER_APPICON_NAME = AppIcon;
				ASSETCATALOG_COMPILER_GLOBAL_ACCENT_COLOR_NAME = AccentColor;
				CODE_SIGN_STYLE = Automatic;
				DEVELOPMENT_TEAM = E2RJE8M8Y3;
				IBSC_MODULE = AIWorkout_Collector_Template_WatchKit_Extension;
				INFOPLIST_FILE = "AIWorkout Collector WatchKit App/Info.plist";
				PRODUCT_BUNDLE_IDENTIFIER = com.dks.AIWorkoutCollector.watchkitapp;
				PRODUCT_NAME = "$(TARGET_NAME)";
				SDKROOT = watchos;
				SKIP_INSTALL = YES;
				SWIFT_VERSION = 5.0;
				TARGETED_DEVICE_FAMILY = 4;
				WATCHOS_DEPLOYMENT_TARGET = 7.4;
			};
			name = Release;
		};
		488C23012636FD2800EB72F2 /* Debug */ = {
			isa = XCBuildConfiguration;
			buildSettings = {
				CODE_SIGN_STYLE = Automatic;
				CURRENT_PROJECT_VERSION = 1;
				DEVELOPMENT_TEAM = E2RJE8M8Y3;
				MARKETING_VERSION = 1.0;
				PRODUCT_BUNDLE_IDENTIFIER = com.dks.AIWorkoutCollector;
				PRODUCT_NAME = "$(TARGET_NAME)";
				SWIFT_VERSION = 5.0;
			};
			name = Debug;
		};
		488C23022636FD2800EB72F2 /* Release */ = {
			isa = XCBuildConfiguration;
			buildSettings = {
				CODE_SIGN_STYLE = Automatic;
				CURRENT_PROJECT_VERSION = 1;
				DEVELOPMENT_TEAM = E2RJE8M8Y3;
				MARKETING_VERSION = 1.0;
				PRODUCT_BUNDLE_IDENTIFIER = com.dks.AIWorkoutCollector;
				PRODUCT_NAME = "$(TARGET_NAME)";
				SWIFT_VERSION = 5.0;
			};
			name = Release;
		};
/* End XCBuildConfiguration section */

/* Begin XCConfigurationList section */
		483B6549265B3CB70036297D /* Build configuration list for PBXNativeTarget "AIWorkout Collector Tests" */ = {
			isa = XCConfigurationList;
			buildConfigurations = (
				483B654A265B3CB70036297D /* Debug */,
				483B654B265B3CB70036297D /* Release */,
			);
			defaultConfigurationIsVisible = 0;
			defaultConfigurationName = Release;
		};
		483B6557265B3CC50036297D /* Build configuration list for PBXNativeTarget "AIWorkout Collector UITests" */ = {
			isa = XCConfigurationList;
			buildConfigurations = (
				483B6558265B3CC50036297D /* Debug */,
				483B6559265B3CC50036297D /* Release */,
			);
			defaultConfigurationIsVisible = 0;
			defaultConfigurationName = Release;
		};
		488C22CD2636FD2300EB72F2 /* Build configuration list for PBXProject "AIWorkout Collector" */ = {
			isa = XCConfigurationList;
			buildConfigurations = (
				488C22F62636FD2800EB72F2 /* Debug */,
				488C22F72636FD2800EB72F2 /* Release */,
			);
			defaultConfigurationIsVisible = 0;
			defaultConfigurationName = Release;
		};
		488C22F82636FD2800EB72F2 /* Build configuration list for PBXNativeTarget "AIWorkout Collector WatchKit Extension" */ = {
			isa = XCConfigurationList;
			buildConfigurations = (
				488C22F92636FD2800EB72F2 /* Debug */,
				488C22FA2636FD2800EB72F2 /* Release */,
			);
			defaultConfigurationIsVisible = 0;
			defaultConfigurationName = Release;
		};
		488C22FC2636FD2800EB72F2 /* Build configuration list for PBXNativeTarget "AIWorkout Collector WatchKit App" */ = {
			isa = XCConfigurationList;
			buildConfigurations = (
				488C22FD2636FD2800EB72F2 /* Debug */,
				488C22FE2636FD2800EB72F2 /* Release */,
			);
			defaultConfigurationIsVisible = 0;
			defaultConfigurationName = Release;
		};
		488C23002636FD2800EB72F2 /* Build configuration list for PBXNativeTarget "AIWorkout Collector" */ = {
			isa = XCConfigurationList;
			buildConfigurations = (
				488C23012636FD2800EB72F2 /* Debug */,
				488C23022636FD2800EB72F2 /* Release */,
			);
			defaultConfigurationIsVisible = 0;
			defaultConfigurationName = Release;
		};
/* End XCConfigurationList section */
	};
	rootObject = 488C22CA2636FD2300EB72F2 /* Project object */;
}
